// !$*UTF8*$!
{
	archiveVersion = 1;
	classes = {
	};
	objectVersion = 46;
	objects = {

/* Begin PBXBuildFile section */
		59FADEBC19C3E8EA009EED93 /* Foundation.framework in Frameworks */ = {isa = PBXBuildFile; fileRef = 59FADEBB19C3E8EA009EED93 /* Foundation.framework */; };
		59FADEBE19C3E8EA009EED93 /* CoreGraphics.framework in Frameworks */ = {isa = PBXBuildFile; fileRef = 59FADEBD19C3E8EA009EED93 /* CoreGraphics.framework */; };
		59FADEC019C3E8EA009EED93 /* UIKit.framework in Frameworks */ = {isa = PBXBuildFile; fileRef = 59FADEBF19C3E8EA009EED93 /* UIKit.framework */; };
		59FADEC619C3E8EA009EED93 /* InfoPlist.strings in Resources */ = {isa = PBXBuildFile; fileRef = 59FADEC419C3E8EA009EED93 /* InfoPlist.strings */; };
		59FADEC819C3E8EA009EED93 /* main.m in Sources */ = {isa = PBXBuildFile; fileRef = 59FADEC719C3E8EA009EED93 /* main.m */; };
		59FADECC19C3E8EA009EED93 /* XYZAppDelegate.m in Sources */ = {isa = PBXBuildFile; fileRef = 59FADECB19C3E8EA009EED93 /* XYZAppDelegate.m */; };
		59FADECE19C3E8EA009EED93 /* Images.xcassets in Resources */ = {isa = PBXBuildFile; fileRef = 59FADECD19C3E8EA009EED93 /* Images.xcassets */; };
		59FADED519C3E8EA009EED93 /* XCTest.framework in Frameworks */ = {isa = PBXBuildFile; fileRef = 59FADED419C3E8EA009EED93 /* XCTest.framework */; };
		59FADED619C3E8EA009EED93 /* Foundation.framework in Frameworks */ = {isa = PBXBuildFile; fileRef = 59FADEBB19C3E8EA009EED93 /* Foundation.framework */; };
		59FADED719C3E8EA009EED93 /* UIKit.framework in Frameworks */ = {isa = PBXBuildFile; fileRef = 59FADEBF19C3E8EA009EED93 /* UIKit.framework */; };
		59FADEDF19C3E8EA009EED93 /* InfoPlist.strings in Resources */ = {isa = PBXBuildFile; fileRef = 59FADEDD19C3E8EA009EED93 /* InfoPlist.strings */; };
		59FADEE119C3E8EA009EED93 /* ToDoListTests.m in Sources */ = {isa = PBXBuildFile; fileRef = 59FADEE019C3E8EA009EED93 /* ToDoListTests.m */; };
		59FADEEB19C79090009EED93 /* Main.storyboard in Resources */ = {isa = PBXBuildFile; fileRef = 59FADEEA19C79090009EED93 /* Main.storyboard */; };
		59FADEEE19C7A71E009EED93 /* XYZAddToDoItemViewController.m in Sources */ = {isa = PBXBuildFile; fileRef = 59FADEED19C7A71E009EED93 /* XYZAddToDoItemViewController.m */; };
		59FADEF119C7A8D5009EED93 /* XYZToDoListTableViewController.m in Sources */ = {isa = PBXBuildFile; fileRef = 59FADEF019C7A8D5009EED93 /* XYZToDoListTableViewController.m */; };
		59FADEF419C81664009EED93 /* XYZToDoItem.m in Sources */ = {isa = PBXBuildFile; fileRef = 59FADEF319C81664009EED93 /* XYZToDoItem.m */; };
/* End PBXBuildFile section */

/* Begin PBXContainerItemProxy section */
		59FADED819C3E8EA009EED93 /* PBXContainerItemProxy */ = {
			isa = PBXContainerItemProxy;
			containerPortal = 59FADEB019C3E8EA009EED93 /* Project object */;
			proxyType = 1;
			remoteGlobalIDString = 59FADEB719C3E8EA009EED93;
			remoteInfo = ToDoList;
		};
/* End PBXContainerItemProxy section */

/* Begin PBXFileReference section */
		59FADEB819C3E8EA009EED93 /* ToDoList.app */ = {isa = PBXFileReference; explicitFileType = wrapper.application; includeInIndex = 0; path = ToDoList.app; sourceTree = BUILT_PRODUCTS_DIR; };
		59FADEBB19C3E8EA009EED93 /* Foundation.framework */ = {isa = PBXFileReference; lastKnownFileType = wrapper.framework; name = Foundation.framework; path = System/Library/Frameworks/Foundation.framework; sourceTree = SDKROOT; };
		59FADEBD19C3E8EA009EED93 /* CoreGraphics.framework */ = {isa = PBXFileReference; lastKnownFileType = wrapper.framework; name = CoreGraphics.framework; path = System/Library/Frameworks/CoreGraphics.framework; sourceTree = SDKROOT; };
		59FADEBF19C3E8EA009EED93 /* UIKit.framework */ = {isa = PBXFileReference; lastKnownFileType = wrapper.framework; name = UIKit.framework; path = System/Library/Frameworks/UIKit.framework; sourceTree = SDKROOT; };
		59FADEC319C3E8EA009EED93 /* ToDoList-Info.plist */ = {isa = PBXFileReference; lastKnownFileType = text.plist.xml; path = "ToDoList-Info.plist"; sourceTree = "<group>"; };
		59FADEC519C3E8EA009EED93 /* en */ = {isa = PBXFileReference; lastKnownFileType = text.plist.strings; name = en; path = en.lproj/InfoPlist.strings; sourceTree = "<group>"; };
		59FADEC719C3E8EA009EED93 /* main.m */ = {isa = PBXFileReference; lastKnownFileType = sourcecode.c.objc; path = main.m; sourceTree = "<group>"; };
		59FADEC919C3E8EA009EED93 /* ToDoList-Prefix.pch */ = {isa = PBXFileReference; lastKnownFileType = sourcecode.c.h; path = "ToDoList-Prefix.pch"; sourceTree = "<group>"; };
		59FADECA19C3E8EA009EED93 /* XYZAppDelegate.h */ = {isa = PBXFileReference; lastKnownFileType = sourcecode.c.h; path = XYZAppDelegate.h; sourceTree = "<group>"; };
		59FADECB19C3E8EA009EED93 /* XYZAppDelegate.m */ = {isa = PBXFileReference; lastKnownFileType = sourcecode.c.objc; path = XYZAppDelegate.m; sourceTree = "<group>"; };
		59FADECD19C3E8EA009EED93 /* Images.xcassets */ = {isa = PBXFileReference; lastKnownFileType = folder.assetcatalog; path = Images.xcassets; sourceTree = "<group>"; };
		59FADED319C3E8EA009EED93 /* ToDoListTests.xctest */ = {isa = PBXFileReference; explicitFileType = wrapper.cfbundle; includeInIndex = 0; path = ToDoListTests.xctest; sourceTree = BUILT_PRODUCTS_DIR; };
		59FADED419C3E8EA009EED93 /* XCTest.framework */ = {isa = PBXFileReference; lastKnownFileType = wrapper.framework; name = XCTest.framework; path = Library/Frameworks/XCTest.framework; sourceTree = DEVELOPER_DIR; };
		59FADEDC19C3E8EA009EED93 /* ToDoListTests-Info.plist */ = {isa = PBXFileReference; lastKnownFileType = text.plist.xml; path = "ToDoListTests-Info.plist"; sourceTree = "<group>"; };
		59FADEDE19C3E8EA009EED93 /* en */ = {isa = PBXFileReference; lastKnownFileType = text.plist.strings; name = en; path = en.lproj/InfoPlist.strings; sourceTree = "<group>"; };
		59FADEE019C3E8EA009EED93 /* ToDoListTests.m */ = {isa = PBXFileReference; lastKnownFileType = sourcecode.c.objc; path = ToDoListTests.m; sourceTree = "<group>"; };
		59FADEEA19C79090009EED93 /* Main.storyboard */ = {isa = PBXFileReference; fileEncoding = 4; lastKnownFileType = file.storyboard; path = Main.storyboard; sourceTree = "<group>"; };
		59FADEEC19C7A71E009EED93 /* XYZAddToDoItemViewController.h */ = {isa = PBXFileReference; fileEncoding = 4; lastKnownFileType = sourcecode.c.h; path = XYZAddToDoItemViewController.h; sourceTree = "<group>"; };
		59FADEED19C7A71E009EED93 /* XYZAddToDoItemViewController.m */ = {isa = PBXFileReference; fileEncoding = 4; lastKnownFileType = sourcecode.c.objc; path = XYZAddToDoItemViewController.m; sourceTree = "<group>"; };
		59FADEEF19C7A8D5009EED93 /* XYZToDoListTableViewController.h */ = {isa = PBXFileReference; fileEncoding = 4; lastKnownFileType = sourcecode.c.h; path = XYZToDoListTableViewController.h; sourceTree = "<group>"; };
		59FADEF019C7A8D5009EED93 /* XYZToDoListTableViewController.m */ = {isa = PBXFileReference; fileEncoding = 4; lastKnownFileType = sourcecode.c.objc; path = XYZToDoListTableViewController.m; sourceTree = "<group>"; };
		59FADEF219C81664009EED93 /* XYZToDoItem.h */ = {isa = PBXFileReference; fileEncoding = 4; lastKnownFileType = sourcecode.c.h; path = XYZToDoItem.h; sourceTree = "<group>"; };
		59FADEF319C81664009EED93 /* XYZToDoItem.m */ = {isa = PBXFileReference; fileEncoding = 4; lastKnownFileType = sourcecode.c.objc; path = XYZToDoItem.m; sourceTree = "<group>"; };
/* End PBXFileReference section */

/* Begin PBXFrameworksBuildPhase section */
		59FADEB519C3E8EA009EED93 /* Frameworks */ = {
			isa = PBXFrameworksBuildPhase;
			buildActionMask = 2147483647;
			files = (
				59FADEBE19C3E8EA009EED93 /* CoreGraphics.framework in Frameworks */,
				59FADEC019C3E8EA009EED93 /* UIKit.framework in Frameworks */,
				59FADEBC19C3E8EA009EED93 /* Foundation.framework in Frameworks */,
			);
			runOnlyForDeploymentPostprocessing = 0;
		};
		59FADED019C3E8EA009EED93 /* Frameworks */ = {
			isa = PBXFrameworksBuildPhase;
			buildActionMask = 2147483647;
			files = (
				59FADED519C3E8EA009EED93 /* XCTest.framework in Frameworks */,
				59FADED719C3E8EA009EED93 /* UIKit.framework in Frameworks */,
				59FADED619C3E8EA009EED93 /* Foundation.framework in Frameworks */,
			);
			runOnlyForDeploymentPostprocessing = 0;
		};
/* End PBXFrameworksBuildPhase section */

/* Begin PBXGroup section */
		59FADEAF19C3E8EA009EED93 = {
			isa = PBXGroup;
			children = (
				59FADEC119C3E8EA009EED93 /* ToDoList */,
				59FADEDA19C3E8EA009EED93 /* ToDoListTests */,
				59FADEBA19C3E8EA009EED93 /* Frameworks */,
				59FADEB919C3E8EA009EED93 /* Products */,
			);
			sourceTree = "<group>";
		};
		59FADEB919C3E8EA009EED93 /* Products */ = {
			isa = PBXGroup;
			children = (
				59FADEB819C3E8EA009EED93 /* ToDoList.app */,
				59FADED319C3E8EA009EED93 /* ToDoListTests.xctest */,
			);
			name = Products;
			sourceTree = "<group>";
		};
		59FADEBA19C3E8EA009EED93 /* Frameworks */ = {
			isa = PBXGroup;
			children = (
				59FADEBB19C3E8EA009EED93 /* Foundation.framework */,
				59FADEBD19C3E8EA009EED93 /* CoreGraphics.framework */,
				59FADEBF19C3E8EA009EED93 /* UIKit.framework */,
				59FADED419C3E8EA009EED93 /* XCTest.framework */,
			);
			name = Frameworks;
			sourceTree = "<group>";
		};
		59FADEC119C3E8EA009EED93 /* ToDoList */ = {
			isa = PBXGroup;
			children = (
				59FADECA19C3E8EA009EED93 /* XYZAppDelegate.h */,
				59FADECB19C3E8EA009EED93 /* XYZAppDelegate.m */,
				59FADEEA19C79090009EED93 /* Main.storyboard */,
				59FADEEF19C7A8D5009EED93 /* XYZToDoListTableViewController.h */,
				59FADEF019C7A8D5009EED93 /* XYZToDoListTableViewController.m */,
				59FADEEC19C7A71E009EED93 /* XYZAddToDoItemViewController.h */,
				59FADEED19C7A71E009EED93 /* XYZAddToDoItemViewController.m */,
				59FADEF219C81664009EED93 /* XYZToDoItem.h */,
				59FADEF319C81664009EED93 /* XYZToDoItem.m */,
				59FADECD19C3E8EA009EED93 /* Images.xcassets */,
				59FADEC219C3E8EA009EED93 /* Supporting Files */,
			);
			path = ToDoList;
			sourceTree = "<group>";
		};
		59FADEC219C3E8EA009EED93 /* Supporting Files */ = {
			isa = PBXGroup;
			children = (
				59FADEC319C3E8EA009EED93 /* ToDoList-Info.plist */,
				59FADEC419C3E8EA009EED93 /* InfoPlist.strings */,
				59FADEC719C3E8EA009EED93 /* main.m */,
				59FADEC919C3E8EA009EED93 /* ToDoList-Prefix.pch */,
			);
			name = "Supporting Files";
			sourceTree = "<group>";
		};
		59FADEDA19C3E8EA009EED93 /* ToDoListTests */ = {
			isa = PBXGroup;
			children = (
				59FADEE019C3E8EA009EED93 /* ToDoListTests.m */,
				59FADEDB19C3E8EA009EED93 /* Supporting Files */,
			);
			path = ToDoListTests;
			sourceTree = "<group>";
		};
		59FADEDB19C3E8EA009EED93 /* Supporting Files */ = {
			isa = PBXGroup;
			children = (
				59FADEDC19C3E8EA009EED93 /* ToDoListTests-Info.plist */,
				59FADEDD19C3E8EA009EED93 /* InfoPlist.strings */,
			);
			name = "Supporting Files";
			sourceTree = "<group>";
		};
/* End PBXGroup section */

/* Begin PBXNativeTarget section */
		59FADEB719C3E8EA009EED93 /* ToDoList */ = {
			isa = PBXNativeTarget;
			buildConfigurationList = 59FADEE419C3E8EA009EED93 /* Build configuration list for PBXNativeTarget "ToDoList" */;
			buildPhases = (
				59FADEB419C3E8EA009EED93 /* Sources */,
				59FADEB519C3E8EA009EED93 /* Frameworks */,
				59FADEB619C3E8EA009EED93 /* Resources */,
			);
			buildRules = (
			);
			dependencies = (
			);
			name = ToDoList;
			productName = ToDoList;
			productReference = 59FADEB819C3E8EA009EED93 /* ToDoList.app */;
			productType = "com.apple.product-type.application";
		};
		59FADED219C3E8EA009EED93 /* ToDoListTests */ = {
			isa = PBXNativeTarget;
			buildConfigurationList = 59FADEE719C3E8EA009EED93 /* Build configuration list for PBXNativeTarget "ToDoListTests" */;
			buildPhases = (
				59FADECF19C3E8EA009EED93 /* Sources */,
				59FADED019C3E8EA009EED93 /* Frameworks */,
				59FADED119C3E8EA009EED93 /* Resources */,
			);
			buildRules = (
			);
			dependencies = (
				59FADED919C3E8EA009EED93 /* PBXTargetDependency */,
			);
			name = ToDoListTests;
			productName = ToDoListTests;
			productReference = 59FADED319C3E8EA009EED93 /* ToDoListTests.xctest */;
			productType = "com.apple.product-type.bundle.unit-test";
		};
/* End PBXNativeTarget section */

/* Begin PBXProject section */
		59FADEB019C3E8EA009EED93 /* Project object */ = {
			isa = PBXProject;
			attributes = {
				CLASSPREFIX = XYZ;
				LastUpgradeCheck = 0510;
				TargetAttributes = {
					59FADED219C3E8EA009EED93 = {
						TestTargetID = 59FADEB719C3E8EA009EED93;
					};
				};
			};
			buildConfigurationList = 59FADEB319C3E8EA009EED93 /* Build configuration list for PBXProject "ToDoList" */;
			compatibilityVersion = "Xcode 3.2";
			developmentRegion = English;
			hasScannedForEncodings = 0;
			knownRegions = (
				en,
			);
			mainGroup = 59FADEAF19C3E8EA009EED93;
			productRefGroup = 59FADEB919C3E8EA009EED93 /* Products */;
			projectDirPath = "";
			projectRoot = "";
			targets = (
				59FADEB719C3E8EA009EED93 /* ToDoList */,
				59FADED219C3E8EA009EED93 /* ToDoListTests */,
			);
		};
/* End PBXProject section */

/* Begin PBXResourcesBuildPhase section */
		59FADEB619C3E8EA009EED93 /* Resources */ = {
			isa = PBXResourcesBuildPhase;
			buildActionMask = 2147483647;
			files = (
				59FADEEB19C79090009EED93 /* Main.storyboard in Resources */,
				59FADEC619C3E8EA009EED93 /* InfoPlist.strings in Resources */,
				59FADECE19C3E8EA009EED93 /* Images.xcassets in Resources */,
			);
			runOnlyForDeploymentPostprocessing = 0;
		};
		59FADED119C3E8EA009EED93 /* Resources */ = {
			isa = PBXResourcesBuildPhase;
			buildActionMask = 2147483647;
			files = (
				59FADEDF19C3E8EA009EED93 /* InfoPlist.strings in Resources */,
			);
			runOnlyForDeploymentPostprocessing = 0;
		};
/* End PBXResourcesBuildPhase section */

/* Begin PBXSourcesBuildPhase section */
		59FADEB419C3E8EA009EED93 /* Sources */ = {
			isa = PBXSourcesBuildPhase;
			buildActionMask = 2147483647;
			files = (
				59FADECC19C3E8EA009EED93 /* XYZAppDelegate.m in Sources */,
				59FADEF419C81664009EED93 /* XYZToDoItem.m in Sources */,
				59FADEC819C3E8EA009EED93 /* main.m in Sources */,
				59FADEF119C7A8D5009EED93 /* XYZToDoListTableViewController.m in Sources */,
				59FADEEE19C7A71E009EED93 /* XYZAddToDoItemViewController.m in Sources */,
			);
			runOnlyForDeploymentPostprocessing = 0;
		};
		59FADECF19C3E8EA009EED93 /* Sources */ = {
			isa = PBXSourcesBuildPhase;
			buildActionMask = 2147483647;
			files = (
				59FADEE119C3E8EA009EED93 /* ToDoListTests.m in Sources */,
			);
			runOnlyForDeploymentPostprocessing = 0;
		};
/* End PBXSourcesBuildPhase section */

/* Begin PBXTargetDependency section */
		59FADED919C3E8EA009EED93 /* PBXTargetDependency */ = {
			isa = PBXTargetDependency;
			target = 59FADEB719C3E8EA009EED93 /* ToDoList */;
			targetProxy = 59FADED819C3E8EA009EED93 /* PBXContainerItemProxy */;
		};
/* End PBXTargetDependency section */

/* Begin PBXVariantGroup section */
		59FADEC419C3E8EA009EED93 /* InfoPlist.strings */ = {
			isa = PBXVariantGroup;
			children = (
				59FADEC519C3E8EA009EED93 /* en */,
			);
			name = InfoPlist.strings;
			sourceTree = "<group>";
		};
		59FADEDD19C3E8EA009EED93 /* InfoPlist.strings */ = {
			isa = PBXVariantGroup;
			children = (
				59FADEDE19C3E8EA009EED93 /* en */,
			);
			name = InfoPlist.strings;
			sourceTree = "<group>";
		};
/* End PBXVariantGroup section */

/* Begin XCBuildConfiguration section */
		59FADEE219C3E8EA009EED93 /* Debug */ = {
			isa = XCBuildConfiguration;
			buildSettings = {
				ALWAYS_SEARCH_USER_PATHS = NO;
				CLANG_CXX_LANGUAGE_STANDARD = "gnu++0x";
				CLANG_CXX_LIBRARY = "libc++";
				CLANG_ENABLE_MODULES = YES;
				CLANG_ENABLE_OBJC_ARC = YES;
				CLANG_WARN_BOOL_CONVERSION = YES;
				CLANG_WARN_CONSTANT_CONVERSION = YES;
				CLANG_WARN_DIRECT_OBJC_ISA_USAGE = YES_ERROR;
				CLANG_WARN_EMPTY_BODY = YES;
				CLANG_WARN_ENUM_CONVERSION = YES;
				CLANG_WARN_INT_CONVERSION = YES;
				CLANG_WARN_OBJC_ROOT_CLASS = YES_ERROR;
				CLANG_WARN__DUPLICATE_METHOD_MATCH = YES;
				"CODE_SIGN_IDENTITY[sdk=iphoneos*]" = "iPhone Developer";
				COPY_PHASE_STRIP = NO;
				GCC_C_LANGUAGE_STANDARD = gnu99;
				GCC_DYNAMIC_NO_PIC = NO;
				GCC_OPTIMIZATION_LEVEL = 0;
				GCC_PREPROCESSOR_DEFINITIONS = (
					"DEBUG=1",
					"$(inherited)",
				);
				GCC_SYMBOLS_PRIVATE_EXTERN = NO;
				GCC_WARN_64_TO_32_BIT_CONVERSION = YES;
				GCC_WARN_ABOUT_RETURN_TYPE = YES_ERROR;
				GCC_WARN_UNDECLARED_SELECTOR = YES;
				GCC_WARN_UNINITIALIZED_AUTOS = YES_AGGRESSIVE;
				GCC_WARN_UNUSED_FUNCTION = YES;
				GCC_WARN_UNUSED_VARIABLE = YES;
				IPHONEOS_DEPLOYMENT_TARGET = 7.1;
				ONLY_ACTIVE_ARCH = YES;
				SDKROOT = iphoneos;
			};
			name = Debug;
		};
		59FADEE319C3E8EA009EED93 /* Release */ = {
			isa = XCBuildConfiguration;
			buildSettings = {
				ALWAYS_SEARCH_USER_PATHS = NO;
				CLANG_CXX_LANGUAGE_STANDARD = "gnu++0x";
				CLANG_CXX_LIBRARY = "libc++";
				CLANG_ENABLE_MODULES = YES;
				CLANG_ENABLE_OBJC_ARC = YES;
				CLANG_WARN_BOOL_CONVERSION = YES;
				CLANG_WARN_CONSTANT_CONVERSION = YES;
				CLANG_WARN_DIRECT_OBJC_ISA_USAGE = YES_ERROR;
				CLANG_WARN_EMPTY_BODY = YES;
				CLANG_WARN_ENUM_CONVERSION = YES;
				CLANG_WARN_INT_CONVERSION = YES;
				CLANG_WARN_OBJC_ROOT_CLASS = YES_ERROR;
				CLANG_WARN__DUPLICATE_METHOD_MATCH = YES;
				"CODE_SIGN_IDENTITY[sdk=iphoneos*]" = "iPhone Developer";
				COPY_PHASE_STRIP = YES;
				ENABLE_NS_ASSERTIONS = NO;
				GCC_C_LANGUAGE_STANDARD = gnu99;
				GCC_WARN_64_TO_32_BIT_CONVERSION = YES;
				GCC_WARN_ABOUT_RETURN_TYPE = YES_ERROR;
				GCC_WARN_UNDECLARED_SELECTOR = YES;
				GCC_WARN_UNINITIALIZED_AUTOS = YES_AGGRESSIVE;
				GCC_WARN_UNUSED_FUNCTION = YES;
				GCC_WARN_UNUSED_VARIABLE = YES;
				IPHONEOS_DEPLOYMENT_TARGET = 7.1;
				SDKROOT = iphoneos;
				VALIDATE_PRODUCT = YES;
			};
			name = Release;
		};
		59FADEE519C3E8EA009EED93 /* Debug */ = {
			isa = XCBuildConfiguration;
			buildSettings = {
				ASSETCATALOG_COMPILER_APPICON_NAME = AppIcon;
				ASSETCATALOG_COMPILER_LAUNCHIMAGE_NAME = LaunchImage;
				GCC_PRECOMPILE_PREFIX_HEADER = YES;
				GCC_PREFIX_HEADER = "ToDoList/ToDoList-Prefix.pch";
				INFOPLIST_FILE = "ToDoList/ToDoList-Info.plist";
				PRODUCT_NAME = "$(TARGET_NAME)";
				TARGETED_DEVICE_FAMILY = 1;
				WRAPPER_EXTENSION = app;
			};
			name = Debug;
		};
		59FADEE619C3E8EA009EED93 /* Release */ = {
			isa = XCBuildConfiguration;
			buildSettings = {
				ASSETCATALOG_COMPILER_APPICON_NAME = AppIcon;
				ASSETCATALOG_COMPILER_LAUNCHIMAGE_NAME = LaunchImage;
				GCC_PRECOMPILE_PREFIX_HEADER = YES;
				GCC_PREFIX_HEADER = "ToDoList/ToDoList-Prefix.pch";
				INFOPLIST_FILE = "ToDoList/ToDoList-Info.plist";
				PRODUCT_NAME = "$(TARGET_NAME)";
				TARGETED_DEVICE_FAMILY = 1;
				WRAPPER_EXTENSION = app;
			};
			name = Release;
		};
		59FADEE819C3E8EA009EED93 /* Debug */ = {
			isa = XCBuildConfiguration;
			buildSettings = {
				BUNDLE_LOADER = "$(BUILT_PRODUCTS_DIR)/ToDoList.app/ToDoList";
				FRAMEWORK_SEARCH_PATHS = (
					"$(SDKROOT)/Developer/Library/Frameworks",
					"$(inherited)",
					"$(DEVELOPER_FRAMEWORKS_DIR)",
				);
				GCC_PRECOMPILE_PREFIX_HEADER = YES;
				GCC_PREFIX_HEADER = "ToDoList/ToDoList-Prefix.pch";
				GCC_PREPROCESSOR_DEFINITIONS = (
					"DEBUG=1",
					"$(inherited)",
				);
				INFOPLIST_FILE = "ToDoListTests/ToDoListTests-Info.plist";
				PRODUCT_NAME = "$(TARGET_NAME)";
				TEST_HOST = "$(BUNDLE_LOADER)";
				WRAPPER_EXTENSION = xctest;
			};
			name = Debug;
		};
		59FADEE919C3E8EA009EED93 /* Release */ = {
			isa = XCBuildConfiguration;
			buildSettings = {
				BUNDLE_LOADER = "$(BUILT_PRODUCTS_DIR)/ToDoList.app/ToDoList";
				FRAMEWORK_SEARCH_PATHS = (
					"$(SDKROOT)/Developer/Library/Frameworks",
					"$(inherited)",
					"$(DEVELOPER_FRAMEWORKS_DIR)",
				);
				GCC_PRECOMPILE_PREFIX_HEADER = YES;
				GCC_PREFIX_HEADER = "ToDoList/ToDoList-Prefix.pch";
				INFOPLIST_FILE = "ToDoListTests/ToDoListTests-Info.plist";
				PRODUCT_NAME = "$(TARGET_NAME)";
				TEST_HOST = "$(BUNDLE_LOADER)";
				WRAPPER_EXTENSION = xctest;
			};
			name = Release;
		};
/* End XCBuildConfiguration section */

/* Begin XCConfigurationList section */
		59FADEB319C3E8EA009EED93 /* Build configuration list for PBXProject "ToDoList" */ = {
			isa = XCConfigurationList;
			buildConfigurations = (
				59FADEE219C3E8EA009EED93 /* Debug */,
				59FADEE319C3E8EA009EED93 /* Release */,
			);
			defaultConfigurationIsVisible = 0;
			defaultConfigurationName = Release;
		};
		59FADEE419C3E8EA009EED93 /* Build configuration list for PBXNativeTarget "ToDoList" */ = {
			isa = XCConfigurationList;
			buildConfigurations = (
				59FADEE519C3E8EA009EED93 /* Debug */,
				59FADEE619C3E8EA009EED93 /* Release */,
			);
			defaultConfigurationIsVisible = 0;
		};
		59FADEE719C3E8EA009EED93 /* Build configuration list for PBXNativeTarget "ToDoListTests" */ = {
			isa = XCConfigurationList;
			buildConfigurations = (
				59FADEE819C3E8EA009EED93 /* Debug */,
				59FADEE919C3E8EA009EED93 /* Release */,
			);
			defaultConfigurationIsVisible = 0;
		};
/* End XCConfigurationList section */
	};
	rootObject = 59FADEB019C3E8EA009EED93 /* Project object */;
}
